version = 1
revision = 1
requires-python = "==3.11.*"

[[package]]
name = "annotated-doc"
version = "0.0.4"
source = { registry = "https://pypi.org/simple" }
sdist = { url = "https://files.pythonhosted.org/packages/57/ba/046ceea27344560984e26a590f90bc7f4a75b06701f653222458922b558c/annotated_doc-0.0.4.tar.gz", hash = "sha256:fbcda96e87e9c92ad167c2e53839e57503ecfda18804ea28102353485033faa4", size = 7288 }
wheels = [
    { url = "https://files.pythonhosted.org/packages/1e/d3/26bf1008eb3d2daa8ef4cacc7f3bfdc11818d111f7e2d0201bc6e3b49d45/annotated_doc-0.0.4-py3-none-any.whl", hash = "sha256:571ac1dc6991c450b25a9c2d84a3705e2ae7a53467b5d111c24fa8baabbed320", size = 5303 },
]

[[package]]
name = "async-timeout"
version = "5.0.1"
source = { registry = "https://pypi.org/simple" }
sdist = { url = "https://files.pythonhosted.org/packages/a5/ae/136395dfbfe00dfc94da3f3e136d0b13f394cba8f4841120e34226265780/async_timeout-5.0.1.tar.gz", hash = "sha256:d9321a7a3d5a6a5e187e824d2fa0793ce379a202935782d555d6e9d2735677d3", size = 9274 }
wheels = [
    { url = "https://files.pythonhosted.org/packages/fe/ba/e2081de779ca30d473f21f5b30e0e737c438205440784c7dfc81efc2b029/async_timeout-5.0.1-py3-none-any.whl", hash = "sha256:39e3809566ff85354557ec2398b55e096c8364bacac9405a7a1fa429e77fe76c", size = 6233 },
]

[[package]]
name = "certifi"
version = "2026.5.20"
source = { registry = "https://pypi.org/simple" }
sdist = { url = "https://files.pythonhosted.org/packages/f3/ce/ee2ecad540810a79593028e88299baeae54d346cc7a0d94b6199988b89b1/certifi-2026.5.20.tar.gz", hash = "sha256:69dea482ab64caa7b9f6aba1c6bf48bb6a5448d1c0f1b17ab42ad8c763a5344d", size = 135422 }
wheels = [
    { url = "https://files.pythonhosted.org/packages/59/8c/57e832b7af6d7c5abe66eb3fbe3a3a32f4d11ea23a1aa7131371035be991/certifi-2026.5.20-py3-none-any.whl", hash = "sha256:3c52e209ba0a4ad7aebe60436a4ab349c39e1e602e8c134221e546902ad25897", size = 134134 },
]

[[package]]
name = "charset-normalizer"
version = "3.4.7"
source = { registry = "https://pypi.org/simple" }
sdist = { url = "https://files.pythonhosted.org/packages/e7/a1/67fe25fac3c7642725500a3f6cfe5821ad557c3abb11c9d20d12c7008d3e/charset_normalizer-3.4.7.tar.gz", hash = "sha256:ae89db9e5f98a11a4bf50407d4363e7b09b31e55bc117b4f7d80aab97ba009e5", size = 144271 }
wheels = [
    { url = "https://files.pythonhosted.org/packages/c2/d7/b5b7020a0565c2e9fa8c09f4b5fa6232feb326b8c20081ccded47ea368fd/charset_normalizer-3.4.7-cp311-cp311-macosx_10_9_universal2.whl", hash = "sha256:7641bb8895e77f921102f72833904dcd9901df5d6d72a2ab8f31d04b7e51e4e7", size = 309705 },
    { url = "https://files.pythonhosted.org/packages/5a/53/58c29116c340e5456724ecd2fff4196d236b98f3da97b404bc5e51ac3493/charset_normalizer-3.4.7-cp311-cp311-manylinux2014_aarch64.manylinux_2_17_aarch64.manylinux_2_28_aarch64.whl", hash = "sha256:202389074300232baeb53ae2569a60901f7efadd4245cf3a3bf0617d60b439d7", size = 206419 },
    { url = "https://files.pythonhosted.org/packages/b2/02/e8146dc6591a37a00e5144c63f29fb7c97a734ea8a111190783c0e60ab63/charset_normalizer-3.4.7-cp311-cp311-manylinux2014_ppc64le.manylinux_2_17_ppc64le.manylinux_2_28_ppc64le.whl", hash = "sha256:30b8d1d8c52a48c2c5690e152c169b673487a2a58de1ec7393196753063fcd5e", size = 227901 },
    { url = "https://files.pythonhosted.org/packages/fb/73/77486c4cd58f1267bf17db420e930c9afa1b3be3fe8c8b8ebbebc9624359/charset_normalizer-3.4.7-cp311-cp311-manylinux2014_s390x.manylinux_2_17_s390x.manylinux_2_28_s390x.whl", hash = "sha256:532bc9bf33a68613fd7d65e4b1c71a6a38d7d42604ecf239c77392e9b4e8998c", size = 222742 },
    { url = "https://files.pythonhosted.org/packages/a1/fa/f74eb381a7d94ded44739e9d94de18dc5edc9c17fb8c11f0a6890696c0a9/charset_normalizer-3.4.7-cp311-cp311-manylinux2014_x86_64.manylinux_2_17_x86_64.manylinux_2_28_x86_64.whl", hash = "sha256:2fe249cb4651fd12605b7288b24751d8bfd46d35f12a20b1ba33dea122e690df", size = 214061 },
    { url = "https://files.pythonhosted.org/packages/dc/92/42bd3cefcf7687253fb86694b45f37b733c97f59af3724f356fa92b8c344/charset_normalizer-3.4.7-cp311-cp311-manylinux_2_31_armv7l.whl", hash = "sha256:65bcd23054beab4d166035cabbc868a09c1a49d1efe458fe8e4361215df40265", size = 199239 },
    { url = "https://files.pythonhosted.org/packages/4c/3d/069e7184e2aa3b3cddc700e3dd267413dc259854adc3380421c805c6a17d/charset_normalizer-3.4.7-cp311-cp311-manylinux_2_31_riscv64.manylinux_2_39_riscv64.whl", hash = "sha256:08e721811161356f97b4059a9ba7bafb23ea5ee2255402c42881c214e173c6b4", size = 210173 },
    { url = "https://files.pythonhosted.org/packages/62/51/9d56feb5f2e7074c46f93e0ebdbe61f0848ee246e2f0d89f8e20b89ebb8f/charset_normalizer-3.4.7-cp311-cp311-musllinux_1_2_aarch64.whl", hash = "sha256:e060d01aec0a910bdccb8be71faf34e7799ce36950f8294c8bf612cba65a2c9e", size = 209841 },
    { url = "https://files.pythonhosted.org/packages/d2/59/893d8f99cc4c837dda1fe2f1139079703deb9f321aabcb032355de13b6c7/charset_normalizer-3.4.7-cp311-cp311-musllinux_1_2_armv7l.whl", hash = "sha256:38c0109396c4cfc574d502df99742a45c72c08eff0a36158b6f04000043dbf38", size = 200304 },
    { url = "https://files.pythonhosted.org/packages/7d/1d/ee6f3be3464247578d1ed5c46de545ccc3d3ff933695395c402c21fa6b77/charset_normalizer-3.4.7-cp311-cp311-musllinux_1_2_ppc64le.whl", hash = "sha256:1c2a768fdd44ee4a9339a9b0b130049139b8ce3c01d2ce09f67f5a68048d477c", size = 229455 },
    { url = "https://files.pythonhosted.org/packages/54/bb/8fb0a946296ea96a488928bdce8ef99023998c48e4713af533e9bb98ef07/charset_normalizer-3.4.7-cp311-cp311-musllinux_1_2_riscv64.whl", hash = "sha256:1a87ca9d5df6fe460483d9a5bbf2b18f620cbed41b432e2bddb686228282d10b", size = 210036 },
    { url = "https://files.pythonhosted.org/packages/9a/bc/015b2387f913749f82afd4fcba07846d05b6d784dd16123cb66860e0237d/charset_normalizer-3.4.7-cp311-cp311-musllinux_1_2_s390x.whl", hash = "sha256:d635aab80466bc95771bb78d5370e74d36d1fe31467b6b29b8b57b2a3cd7d22c", size = 224739 },
    { url = "https://files.pythonhosted.org/packages/17/ab/63133691f56baae417493cba6b7c641571a2130eb7bceba6773367ab9ec5/charset_normalizer-3.4.7-cp311-cp311-musllinux_1_2_x86_64.whl", hash = "sha256:ae196f021b5e7c78e918242d217db021ed2a6ace2bc6ae94c0fc596221c7f58d", size = 216277 },
    { url = "https://files.pythonhosted.org/packages/06/6d/3be70e827977f20db77c12a97e6a9f973631a45b8d186c084527e53e77a4/charset_normalizer-3.4.7-cp311-cp311-win32.whl", hash = "sha256:adb2597b428735679446b46c8badf467b4ca5f5056aae4d51a19f9570301b1ad", size = 147819 },
    { url = "https://files.pythonhosted.org/packages/20/d9/5f67790f06b735d7c7637171bbfd89882ad67201891b7275e51116ed8207/charset_normalizer-3.4.7-cp311-cp311-win_amd64.whl", hash = "sha256:8e385e4267ab76874ae30db04c627faaaf0b509e1ccc11a95b3fc3e83f855c00", size = 159281 },
    { url = "https://files.pythonhosted.org/packages/ca/83/6413f36c5a34afead88ce6f66684d943d91f233d76dd083798f9602b75ae/charset_normalizer-3.4.7-cp311-cp311-win_arm64.whl", hash = "sha256:d4a48e5b3c2a489fae013b7589308a40146ee081f6f509e047e0e096084ceca1", size = 147843 },
    { url = "https://files.pythonhosted.org/packages/db/8f/61959034484a4a7c527811f4721e75d02d653a35afb0b6054474d8185d4c/charset_normalizer-3.4.7-py3-none-any.whl", hash = "sha256:3dce51d0f5e7951f8bb4900c257dad282f49190fdbebecd4ba99bcc41fef404d", size = 61958 },
]

[[package]]
name = "click"
version = "8.4.1"
source = { registry = "https://pypi.org/simple" }
dependencies = [
    { name = "colorama", marker = "sys_platform == 'win32'" },
]
sdist = { url = "https://files.pythonhosted.org/packages/9b/98/518d8e5081007684232226f475082b30087d0f585e8457db087298259f49/click-8.4.1.tar.gz", hash = "sha256:918b5633eddf6b41c32d4f454bf0de810065c74e3f7dbf8ee5452f8be88d3e96", size = 353007 }
wheels = [
    { url = "https://files.pythonhosted.org/packages/c7/0d/67e5b4109ea4a837e80daa87c2c696711955e40449a97e8926672534def2/click-8.4.1-py3-none-any.whl", hash = "sha256:482be17c6991b8c19c5429a1e995d9b0efdbb63172824c41f99965dc0ade8ec2", size = 116639 },
]

[[package]]
name = "colorama"
version = "0.4.6"
source = { registry = "https://pypi.org/simple" }
sdist = { url = "https://files.pythonhosted.org/packages/d8/53/6f443c9a4a8358a93a6792e2acffb9d9d5cb0a5cfd8802644b7b1c9a02e4/colorama-0.4.6.tar.gz", hash = "sha256:08695f5cb7ed6e0531a20572697297273c47b8cae5a63ffc6d6ed5c201be6e44", size = 27697 }
wheels = [
    { url = "https://files.pythonhosted.org/packages/d1/d6/3965ed04c63042e047cb6a3e6ed1a63a35087b6a609aa3a15ed8ac56c221/colorama-0.4.6-py2.py3-none-any.whl", hash = "sha256:4f1d9991f5acc0ca119f9d443620b77f9d6b33703e51011c16baf57afb285fc6", size = 25335 },
]

[[package]]
name = "idna"
version = "3.16"
source = { registry = "https://pypi.org/simple" }
sdist = { url = "https://files.pythonhosted.org/packages/1a/88/bcf9709822fe69d02c2a6a77956c98ce6ea8ca8767a9aadcedc7eb6a2390/idna-3.16.tar.gz", hash = "sha256:d7a6da03db833450fca25d2358ac9ff06cd624577a4aea3a596d5c0f77b8e03d", size = 203770 }
wheels = [
    { url = "https://files.pythonhosted.org/packages/94/16/70255075a9859a0e3adb789b68ceb0e210dec03934245fd98d248226572f/idna-3.16-py3-none-any.whl", hash = "sha256:cc246e3a3f89580c3a951b5ad298ca4638078b2cdd4f115654332b5c26daded5", size = 74165 },
]

[[package]]
name = "ifaddr"
version = "0.2.0"
source = { registry = "https://pypi.org/simple" }
sdist = { url = "https://files.pythonhosted.org/packages/e8/ac/fb4c578f4a3256561548cd825646680edcadb9440f3f68add95ade1eb791/ifaddr-0.2.0.tar.gz", hash = "sha256:cc0cbfcaabf765d44595825fb96a99bb12c79716b73b44330ea38ee2b0c4aed4", size = 10485 }
wheels = [
    { url = "https://files.pythonhosted.org/packages/9c/1f/19ebc343cc71a7ffa78f17018535adc5cbdd87afb31d7c34874680148b32/ifaddr-0.2.0-py3-none-any.whl", hash = "sha256:085e0305cfe6f16ab12d72e2024030f5d52674afad6911bb1eee207177b8a748", size = 12314 },
]

[[package]]
name = "iniconfig"
version = "2.3.0"
source = { registry = "https://pypi.org/simple" }
sdist = { url = "https://files.pythonhosted.org/packages/72/34/14ca021ce8e5dfedc35312d08ba8bf51fdd999c576889fc2c24cb97f4f10/iniconfig-2.3.0.tar.gz", hash = "sha256:c76315c77db068650d49c5b56314774a7804df16fee4402c1f19d6d15d8c4730", size = 20503 }
wheels = [
    { url = "https://files.pythonhosted.org/packages/cb/b1/3846dd7f199d53cb17f49cba7e651e9ce294d8497c8c150530ed11865bb8/iniconfig-2.3.0-py3-none-any.whl", hash = "sha256:f631c04d2c48c52b84d0d0549c99ff3859c98df65b3101406327ecc7d53fbf12", size = 7484 },
]

[[package]]
name = "joblib"
version = "1.5.3"
source = { registry = "https://pypi.org/simple" }
sdist = { url = "https://files.pythonhosted.org/packages/41/f2/d34e8b3a08a9cc79a50b2208a93dce981fe615b64d5a4d4abee421d898df/joblib-1.5.3.tar.gz", hash = "sha256:8561a3269e6801106863fd0d6d84bb737be9e7631e33aaed3fb9ce5953688da3", size = 331603 }
wheels = [
    { url = "https://files.pythonhosted.org/packages/7b/91/984aca2ec129e2757d1e4e3c81c3fcda9d0f85b74670a094cc443d9ee949/joblib-1.5.3-py3-none-any.whl", hash = "sha256:5fc3c5039fc5ca8c0276333a188bbd59d6b7ab37fe6632daa76bc7f9ec18e713", size = 309071 },
]

[[package]]
name = "m2stitch"
version = "0.7.0"
source = { registry = "https://pypi.org/simple" }
dependencies = [
    { name = "click" },
    { name = "networkx" },
    { name = "numpy" },
    { name = "pandas" },
    { name = "pandas-stubs" },
    { name = "scikit-learn" },
    { name = "scipy" },
    { name = "tqdm" },
]
sdist = { url = "https://files.pythonhosted.org/packages/21/45/9139571ba844ef38999a683d21039f395c3ccd945922455c30dad7524366/m2stitch-0.7.0.tar.gz", hash = "sha256:3ed5438584e6f9ab8dbc8ea2389924ce55af9ab5d54c537f80f8348720909c95", size = 13992 }
wheels = [
    { url = "https://files.pythonhosted.org/packages/70/71/17c5f1fd8063157f6d45adbaaa29d0b9d01fc849bf0d534cd5f754af8654/m2stitch-0.7.0-py3-none-any.whl", hash = "sha256:209274b775fcf654c7cd5ce142b2df772219a9b639db3866a218f56396b0f768", size = 14827 },
]

[[package]]
name = "markdown-it-py"
version = "4.2.0"
source = { registry = "https://pypi.org/simple" }
dependencies = [
    { name = "mdurl" },
]
sdist = { url = "https://files.pythonhosted.org/packages/06/ff/7841249c247aa650a76b9ee4bbaeae59370dc8bfd2f6c01f3630c35eb134/markdown_it_py-4.2.0.tar.gz", hash = "sha256:04a21681d6fbb623de53f6f364d352309d4094dd4194040a10fd51833e418d49", size = 82454 }
wheels = [
    { url = "https://files.pythonhosted.org/packages/b3/81/4da04ced5a082363ecfa159c010d200ecbd959ae410c10c0264a38cac0f5/markdown_it_py-4.2.0-py3-none-any.whl", hash = "sha256:9f7ebbcd14fe59494226453aed97c1070d83f8d24b6fc3a3bcf9a38092641c4a", size = 91687 },
]

[[package]]
name = "mdurl"
version = "0.1.2"
source = { registry = "https://pypi.org/simple" }
sdist = { url = "https://files.pythonhosted.org/packages/d6/54/cfe61301667036ec958cb99bd3efefba235e65cdeb9c84d24a8293ba1d90/mdurl-0.1.2.tar.gz", hash = "sha256:bb413d29f5eea38f31dd4754dd7377d4465116fb207585f97bf925588687c1ba", size = 8729 }
wheels = [
    { url = "https://files.pythonhosted.org/packages/b3/38/89ba8ad64ae25be8de66a6d463314cf1eb366222074cfda9ee839c56a4b4/mdurl-0.1.2-py3-none-any.whl", hash = "sha256:84008a41e51615a49fc9966191ff91509e3c40b939176e643fd50a5c2196b8f8", size = 9979 },
]

[[package]]
name = "networkx"
version = "2.8.8"
source = { registry = "https://pypi.org/simple" }
sdist = { url = "https://files.pythonhosted.org/packages/cd/16/c44e8550012735b8f21b3df7f39e8ba5a987fb764ac017ad5f3589735889/networkx-2.8.8.tar.gz", hash = "sha256:230d388117af870fce5647a3c52401fcf753e94720e6ea6b4197a5355648885e", size = 1960828 }
wheels = [
    { url = "https://files.pythonhosted.org/packages/42/31/d2f89f1ae42718f8c8a9e440ebe38d7d5fe1e0d9eb9178ce779e365b3ab0/networkx-2.8.8-py3-none-any.whl", hash = "sha256:e435dfa75b1d7195c7b8378c3859f0445cd88c6b0375c181ed66823a9ceb7524", size = 2025192 },
]

[[package]]
name = "numpy"
version = "1.26.4"
source = { registry = "https://pypi.org/simple" }
sdist = { url = "https://files.pythonhosted.org/packages/65/6e/09db70a523a96d25e115e71cc56a6f9031e7b8cd166c1ac8438307c14058/numpy-1.26.4.tar.gz", hash = "sha256:2a02aba9ed12e4ac4eb3ea9421c420301a0c6460d9830d74a9df87efa4912010", size = 15786129 }
wheels = [
    { url = "https://files.pythonhosted.org/packages/11/57/baae43d14fe163fa0e4c47f307b6b2511ab8d7d30177c491960504252053/numpy-1.26.4-cp311-cp311-macosx_10_9_x86_64.whl", hash = "sha256:4c66707fabe114439db9068ee468c26bbdf909cac0fb58686a42a24de1760c71", size = 20630554 },
    { url = "https://files.pythonhosted.org/packages/1a/2e/151484f49fd03944c4a3ad9c418ed193cfd02724e138ac8a9505d056c582/numpy-1.26.4-cp311-cp311-macosx_11_0_arm64.whl", hash = "sha256:edd8b5fe47dab091176d21bb6de568acdd906d1887a4584a15a9a96a1dca06ef", size = 13997127 },
    { url = "https://files.pythonhosted.org/packages/79/ae/7e5b85136806f9dadf4878bf73cf223fe5c2636818ba3ab1c585d0403164/numpy-1.26.4-cp311-cp311-manylinux_2_17_aarch64.manylinux2014_aarch64.whl", hash = "sha256:7ab55401287bfec946ced39700c053796e7cc0e3acbef09993a9ad2adba6ca6e", size = 14222994 },
    { url = "https://files.pythonhosted.org/packages/3a/d0/edc009c27b406c4f9cbc79274d6e46d634d139075492ad055e3d68445925/numpy-1.26.4-cp311-cp311-manylinux_2_17_x86_64.manylinux2014_x86_64.whl", hash = "sha256:666dbfb6ec68962c033a450943ded891bed2d54e6755e35e5835d63f4f6931d5", size = 18252005 },
    { url = "https://files.pythonhosted.org/packages/09/bf/2b1aaf8f525f2923ff6cfcf134ae5e750e279ac65ebf386c75a0cf6da06a/numpy-1.26.4-cp311-cp311-musllinux_1_1_aarch64.whl", hash = "sha256:96ff0b2ad353d8f990b63294c8986f1ec3cb19d749234014f4e7eb0112ceba5a", size = 13885297 },
    { url = "https://files.pythonhosted.org/packages/df/a0/4e0f14d847cfc2a633a1c8621d00724f3206cfeddeb66d35698c4e2cf3d2/numpy-1.26.4-cp311-cp311-musllinux_1_1_x86_64.whl", hash = "sha256:60dedbb91afcbfdc9bc0b1f3f402804070deed7392c23eb7a7f07fa857868e8a", size = 18093567 },
    { url = "https://files.pythonhosted.org/packages/d2/b7/a734c733286e10a7f1a8ad1ae8c90f2d33bf604a96548e0a4a3a6739b468/numpy-1.26.4-cp311-cp311-win32.whl", hash = "sha256:1af303d6b2210eb850fcf03064d364652b7120803a0b872f5211f5234b399f20", size = 5968812 },
    { url = "https://files.pythonhosted.org/packages/3f/6b/5610004206cf7f8e7ad91c5a85a8c71b2f2f8051a0c0c4d5916b76d6cbb2/numpy-1.26.4-cp311-cp311-win_amd64.whl", hash = "sha256:cd25bcecc4974d09257ffcd1f098ee778f7834c3ad767fe5db785be9a4aa9cb2", size = 15811913 },
]

[[package]]
name = "openflexure-microscope-client"
version = "0.1.8"
source = { registry = "https://pypi.org/simple" }
dependencies = [
    { name = "numpy" },
    { name = "pillow" },
    { name = "requests" },
    { name = "zeroconf" },
]
sdist = { url = "https://files.pythonhosted.org/packages/4f/68/e03646b36c53b1f1f3e4205314ca876728f9e15763ee479c621367b60cd5/openflexure_microscope_client-0.1.8.tar.gz", hash = "sha256:37bc92a210ae94842bf9c04723909f4c70c87188c7d6cca8ac9174f43b7879ca", size = 7863 }
wheels = [
    { url = "https://files.pythonhosted.org/packages/2e/e8/cf15168b63a29a5714ebe055e38f383ebc30ffe15831461dc0cd3f2d12eb/openflexure_microscope_client-0.1.8-py3-none-any.whl", hash = "sha256:e72d3678e18efe05006d87838cdc4f02d200bc7a2a28fbea2225f81283c6e350", size = 8812 },
]

[[package]]
name = "packaging"
version = "26.2"
source = { registry = "https://pypi.org/simple" }
sdist = { url = "https://files.pythonhosted.org/packages/d7/f1/e7a6dd94a8d4a5626c03e4e99c87f241ba9e350cd9e6d75123f992427270/packaging-26.2.tar.gz", hash = "sha256:ff452ff5a3e828ce110190feff1178bb1f2ea2281fa2075aadb987c2fb221661", size = 228134 }
wheels = [
    { url = "https://files.pythonhosted.org/packages/df/b2/87e62e8c3e2f4b32e5fe99e0b86d576da1312593b39f47d8ceef365e95ed/packaging-26.2-py3-none-any.whl", hash = "sha256:5fc45236b9446107ff2415ce77c807cee2862cb6fac22b8a73826d0693b0980e", size = 100195 },
]

[[package]]
name = "pandas"
version = "1.5.3"
source = { registry = "https://pypi.org/simple" }
dependencies = [
    { name = "numpy" },
    { name = "python-dateutil" },
    { name = "pytz" },
]
sdist = { url = "https://files.pythonhosted.org/packages/74/ee/146cab1ff6d575b54ace8a6a5994048380dc94879b0125b25e62edcb9e52/pandas-1.5.3.tar.gz", hash = "sha256:74a3fd7e5a7ec052f183273dc7b0acd3a863edf7520f5d3a1765c04ffdb3b0b1", size = 5203060 }
wheels = [
    { url = "https://files.pythonhosted.org/packages/e2/24/a26af514113fd5eca2d8fe41ba4f22f70dfe6afefde4a6beb6a203570935/pandas-1.5.3-cp311-cp311-macosx_10_9_universal2.whl", hash = "sha256:6973549c01ca91ec96199e940495219c887ea815b2083722821f1d7abfa2b4dc", size = 18387750 },
    { url = "https://files.pythonhosted.org/packages/53/c9/d2f910dace7ef849b626980d0fd033b9cded36568949c8d560c9630ad2e0/pandas-1.5.3-cp311-cp311-macosx_10_9_x86_64.whl", hash = "sha256:c39a8da13cede5adcd3be1182883aea1c925476f4e84b2807a46e2775306305d", size = 11868668 },
    { url = "https://files.pythonhosted.org/packages/b0/be/1843b9aff84b98899663e7cad9f45513dfdd11d69cb5bd85c648aaf6a8d4/pandas-1.5.3-cp311-cp311-macosx_11_0_arm64.whl", hash = "sha256:f76d097d12c82a535fda9dfe5e8dd4127952b45fea9b0276cb30cca5ea313fbc", size = 10814036 },
    { url = "https://files.pythonhosted.org/packages/63/8d/c2bd356b9d4baf1c5cf8d7e251fb4540e87083072c905430da48c2bb31eb/pandas-1.5.3-cp311-cp311-manylinux_2_17_aarch64.manylinux2014_aarch64.whl", hash = "sha256:e474390e60ed609cec869b0da796ad94f420bb057d86784191eefc62b65819ae", size = 11374218 },
    { url = "https://files.pythonhosted.org/packages/56/73/3351beeb807dca69fcc3c4966bcccc51552bd01549a9b13c04ab00a43f21/pandas-1.5.3-cp311-cp311-manylinux_2_17_x86_64.manylinux2014_x86_64.whl", hash = "sha256:5f2b952406a1588ad4cad5b3f55f520e82e902388a6d5a4a91baa8d38d23c7f6", size = 12017319 },
    { url = "https://files.pythonhosted.org/packages/da/6d/1235da14daddaa6e47f74ba0c255358f0ce7a6ee05da8bf8eb49161aa6b5/pandas-1.5.3-cp311-cp311-win_amd64.whl", hash = "sha256:bc4c368f42b551bf72fac35c5128963a171b40dce866fb066540eeaf46faa003", size = 10303385 },
]

[[package]]
name = "pandas-stubs"
version = "1.2.0.62"
source = { registry = "https://pypi.org/simple" }
sdist = { url = "https://files.pythonhosted.org/packages/d7/8d/32c597cf3c03df4bd578332bbe69e5f0454134c9a997d6e7937a5a7a8137/pandas-stubs-1.2.0.62.tar.gz", hash = "sha256:89c022dad41d28e26a1290eb1585db1042ccb09e6951220bb5c9146e2f795147", size = 96391 }
wheels = [
    { url = "https://files.pythonhosted.org/packages/2f/4a/2ec26fe6fc93a9fe38e3ce6a9fa886ed2589b448c3afce8325dc10748b52/pandas_stubs-1.2.0.62-py3-none-any.whl", hash = "sha256:32a9e04582173104d42c090135efacc64d70e08c003405455b7dfb1540bd7e6c", size = 163322 },
]

[[package]]
name = "pillow"
version = "9.5.0"
source = { registry = "https://pypi.org/simple" }
sdist = { url = "https://files.pythonhosted.org/packages/00/d5/4903f310765e0ff2b8e91ffe55031ac6af77d982f0156061e20a4d1a8b2d/Pillow-9.5.0.tar.gz", hash = "sha256:bf548479d336726d7a0eceb6e767e179fbde37833ae42794602631a070d630f1", size = 50488147 }
wheels = [
    { url = "https://files.pythonhosted.org/packages/78/a8/3c2d737d856eb9cd8c18e78f6fe0ed08a2805bded74cbb0455584859023b/Pillow-9.5.0-cp311-cp311-macosx_10_10_x86_64.whl", hash = "sha256:7ec6f6ce99dab90b52da21cf0dc519e21095e332ff3b399a357c187b1a5eee32", size = 3395792 },
    { url = "https://files.pythonhosted.org/packages/a9/15/310cde63cb15a091de889ded26281924cf9cfa5c000b36b06bd0c7f50261/Pillow-9.5.0-cp311-cp311-macosx_11_0_arm64.whl", hash = "sha256:560737e70cb9c6255d6dcba3de6578a9e2ec4b573659943a5e7e4af13f298f5c", size = 3077092 },
    { url = "https://files.pythonhosted.org/packages/17/66/20db69c0361902a2f6ee2086d3e83c70133e3fb4cb31470e59a8ed37184e/Pillow-9.5.0-cp311-cp311-manylinux_2_17_aarch64.manylinux2014_aarch64.whl", hash = "sha256:96e88745a55b88a7c64fa49bceff363a1a27d9a64e04019c2281049444a571e3", size = 3112543 },
    { url = "https://files.pythonhosted.org/packages/5c/a8/ff526cdec6b56eb20c992e7083f02c8065049ed1e62fbc159390d7a3dd5e/Pillow-9.5.0-cp311-cp311-manylinux_2_17_i686.manylinux2014_i686.whl", hash = "sha256:d9c206c29b46cfd343ea7cdfe1232443072bbb270d6a46f59c259460db76779a", size = 3386654 },
    { url = "https://files.pythonhosted.org/packages/3b/70/e9a45a2e9c58c23e023fcda5af9686f5b42c718cc9bc86194e0025cf0ec5/Pillow-9.5.0-cp311-cp311-manylinux_2_17_x86_64.manylinux2014_x86_64.whl", hash = "sha256:cfcc2c53c06f2ccb8976fb5c71d448bdd0a07d26d8e07e321c103416444c7ad1", size = 3308566 },
    { url = "https://files.pythonhosted.org/packages/61/a5/ee306d6cc53c9a30c23ba2313b43b67fdf76c611ca5afd0cdd62922cbd3e/Pillow-9.5.0-cp311-cp311-manylinux_2_28_aarch64.whl", hash = "sha256:a0f9bb6c80e6efcde93ffc51256d5cfb2155ff8f78292f074f60f9e70b942d99", size = 3164027 },
    { url = "https://files.pythonhosted.org/packages/3d/59/e6bd2c3715ace343d9739276ceed79657fe116923238d102cf731ab463dd/Pillow-9.5.0-cp311-cp311-manylinux_2_28_x86_64.whl", hash = "sha256:8d935f924bbab8f0a9a28404422da8af4904e36d5c33fc6f677e4c4485515625", size = 3415610 },
    { url = "https://files.pythonhosted.org/packages/9a/6d/9beb596ba5a5e61081c843187bcdbb42a5c9a9ef552751b554894247da7a/Pillow-9.5.0-cp311-cp311-musllinux_1_1_aarch64.whl", hash = "sha256:fed1e1cf6a42577953abbe8e6cf2fe2f566daebde7c34724ec8803c4c0cda579", size = 3350704 },
    { url = "https://files.pythonhosted.org/packages/1e/e4/de633d85be3b3c770c554a37a89e8273069bd19c34b15a419c2795600310/Pillow-9.5.0-cp311-cp311-musllinux_1_1_x86_64.whl", hash = "sha256:c1170d6b195555644f0616fd6ed929dfcf6333b8675fcca044ae5ab110ded296", size = 3414604 },
    { url = "https://files.pythonhosted.org/packages/46/a0/e410f655300932308e70e883dd60c0c51e6f74bed138641ea9193e64fd7c/Pillow-9.5.0-cp311-cp311-win32.whl", hash = "sha256:54f7102ad31a3de5666827526e248c3530b3a33539dbda27c6843d19d72644ec", size = 2211929 },
    { url = "https://files.pythonhosted.org/packages/0c/02/7729c8aecbc525b560c7eb283ffa34c6f5a6d0ed6d1339570c65a3e63088/Pillow-9.5.0-cp311-cp311-win_amd64.whl", hash = "sha256:cfa4561277f677ecf651e2b22dc43e8f5368b74a25a8f7d1d4a3a243e573f2d4", size = 2511551 },
    { url = "https://files.pythonhosted.org/packages/b9/8b/d38cc68796be4ac238db327682a1acfbc5deccf64a150aa44ee1efbaafae/Pillow-9.5.0-cp311-cp311-win_arm64.whl", hash = "sha256:965e4a05ef364e7b973dd17fc765f42233415974d773e82144c9bbaaaea5d089", size = 2489206 },
]

[[package]]
name = "pluggy"
version = "1.6.0"
source = { registry = "https://pypi.org/simple" }
sdist = { url = "https://files.pythonhosted.org/packages/f9/e2/3e91f31a7d2b083fe6ef3fa267035b518369d9511ffab804f839851d2779/pluggy-1.6.0.tar.gz", hash = "sha256:7dcc130b76258d33b90f61b658791dede3486c3e6bfb003ee5c9bfb396dd22f3", size = 69412 }
wheels = [
    { url = "https://files.pythonhosted.org/packages/54/20/4d324d65cc6d9205fabedc306948156824eb9f0ee1633355a8f7ec5c66bf/pluggy-1.6.0-py3-none-any.whl", hash = "sha256:e920276dd6813095e9377c0bc5566d94c932c33b27a3e3945d8389c374dd4746", size = 20538 },
]

[[package]]
name = "pygments"
version = "2.20.0"
source = { registry = "https://pypi.org/simple" }
sdist = { url = "https://files.pythonhosted.org/packages/c3/b2/bc9c9196916376152d655522fdcebac55e66de6603a76a02bca1b6414f6c/pygments-2.20.0.tar.gz", hash = "sha256:6757cd03768053ff99f3039c1a36d6c0aa0b263438fcab17520b30a303a82b5f", size = 4955991 }
wheels = [
    { url = "https://files.pythonhosted.org/packages/f4/7e/a72dd26f3b0f4f2bf1dd8923c85f7ceb43172af56d63c7383eb62b332364/pygments-2.20.0-py3-none-any.whl", hash = "sha256:81a9e26dd42fd28a23a2d169d86d7ac03b46e2f8b59ed4698fb4785f946d0176", size = 1231151 },
]

[[package]]
name = "pytest"
version = "9.0.3"
source = { registry = "https://pypi.org/simple" }
dependencies = [
    { name = "colorama", marker = "sys_platform == 'win32'" },
    { name = "iniconfig" },
    { name = "packaging" },
    { name = "pluggy" },
    { name = "pygments" },
]
sdist = { url = "https://files.pythonhosted.org/packages/7d/0d/549bd94f1a0a402dc8cf64563a117c0f3765662e2e668477624baeec44d5/pytest-9.0.3.tar.gz", hash = "sha256:b86ada508af81d19edeb213c681b1d48246c1a91d304c6c81a427674c17eb91c", size = 1572165 }
wheels = [
    { url = "https://files.pythonhosted.org/packages/d4/24/a372aaf5c9b7208e7112038812994107bc65a84cd00e0354a88c2c77a617/pytest-9.0.3-py3-none-any.whl", hash = "sha256:2c5efc453d45394fdd706ade797c0a81091eccd1d6e4bccfcd476e2b8e0ab5d9", size = 375249 },
]

[[package]]
name = "python-dateutil"
version = "2.9.0.post0"
source = { registry = "https://pypi.org/simple" }
dependencies = [
    { name = "six" },
]
sdist = { url = "https://files.pythonhosted.org/packages/66/c0/0c8b6ad9f17a802ee498c46e004a0eb49bc148f2fd230864601a86dcf6db/python-dateutil-2.9.0.post0.tar.gz", hash = "sha256:37dd54208da7e1cd875388217d5e00ebd4179249f90fb72437e91a35459a0ad3", size = 342432 }
wheels = [
    { url = "https://files.pythonhosted.org/packages/ec/57/56b9bcc3c9c6a792fcbaf139543cee77261f3651ca9da0c93f5c1221264b/python_dateutil-2.9.0.post0-py2.py3-none-any.whl", hash = "sha256:a8b2bc7bffae282281c8140a97d3aa9c14da0b136dfe83f850eea9a5f7470427", size = 229892 },
]

[[package]]
name = "pytz"
version = "2026.2"
source = { registry = "https://pypi.org/simple" }
sdist = { url = "https://files.pythonhosted.org/packages/ff/46/dd499ec9038423421951e4fad73051febaa13d2df82b4064f87af8b8c0c3/pytz-2026.2.tar.gz", hash = "sha256:0e60b47b29f21574376f218fe21abc009894a2321ea16c6754f3cad6eb7cdd6a", size = 320861 }
wheels = [
    { url = "https://files.pythonhosted.org/packages/ec/dd/96da98f892250475bdf2328112d7468abdd4acc7b902b6af23f4ed958ea0/pytz-2026.2-py2.py3-none-any.whl", hash = "sha256:04156e608bee23d3792fd45c94ae47fae1036688e75032eea2e3bf0323d1f126", size = 510141 },
]

[[package]]
name = "requests"
version = "2.34.2"
source = { registry = "https://pypi.org/simple" }
dependencies = [
    { name = "certifi" },
    { name = "charset-normalizer" },
    { name = "idna" },
    { name = "urllib3" },
]
sdist = { url = "https://files.pythonhosted.org/packages/ac/c3/e2a2b89f2d3e2179abd6d00ebd70bff6273f37fb3e0cc209f48b39d00cbf/requests-2.34.2.tar.gz", hash = "sha256:f288924cae4e29463698d6d60bc6a4da69c89185ad1e0bcc4104f584e960b9ed", size = 142856 }
wheels = [
    { url = "https://files.pythonhosted.org/packages/a0/f4/c67b0b3f1b9245e8d266f0f112c500d50e5b4e83cb6f3b71b6528104182a/requests-2.34.2-py3-none-any.whl", hash = "sha256:2a0d60c172f83ac6ab31e4554906c0f3b3588d37b5cb939b1c061f4907e278e0", size = 73075 },
]

[[package]]
name = "rich"
version = "15.0.0"
source = { registry = "https://pypi.org/simple" }
dependencies = [
    { name = "markdown-it-py" },
    { name = "pygments" },
]
sdist = { url = "https://files.pythonhosted.org/packages/c0/8f/0722ca900cc807c13a6a0c696dacf35430f72e0ec571c4275d2371fca3e9/rich-15.0.0.tar.gz", hash = "sha256:edd07a4824c6b40189fb7ac9bc4c52536e9780fbbfbddf6f1e2502c31b068c36", size = 230680 }
wheels = [
    { url = "https://files.pythonhosted.org/packages/82/3b/64d4899d73f91ba49a8c18a8ff3f0ea8f1c1d75481760df8c68ef5235bf5/rich-15.0.0-py3-none-any.whl", hash = "sha256:33bd4ef74232fb73fe9279a257718407f169c09b78a87ad3d296f548e27de0bb", size = 310654 },
]

[[package]]
name = "ruff"
version = "0.15.14"
source = { registry = "https://pypi.org/simple" }
sdist = { url = "https://files.pythonhosted.org/packages/dc/8a/8bce2894573e9dae6ff4d77fe34ad727d79b9e6238ad288c5638990d90f6/ruff-0.15.14.tar.gz", hash = "sha256:48e866b165be4a9bdbf310f7d3c9a07edef2fe8cd63ffeb4e00bb590506ebf9f", size = 4700910 }
wheels = [
    { url = "https://files.pythonhosted.org/packages/b9/c8/74a92c6ff9fcfb4f1f947126d3ebee8389276e161ecc85de5bda7cda51bd/ruff-0.15.14-py3-none-linux_armv6l.whl", hash = "sha256:8dd2db9416e487c8d4b01fa7056bb02c4d05969d4f8d17a08c229c2f4ff3c108", size = 10739177 },
    { url = "https://files.pythonhosted.org/packages/45/91/254a35c20acc38a7223c9d2d594af12e794432464f2cdeb52af1dc4a892d/ruff-0.15.14-py3-none-macosx_10_12_x86_64.whl", hash = "sha256:be4ff55af755bd71a00ab3dc6bd7ffc467bd76e0df6881e286c2e3d23e8fb43b", size = 11144969 },
    { url = "https://files.pythonhosted.org/packages/56/9e/d13e40f83b8d0a94430e6778ce1d94a43b38cf2efe63278bdd2b4c65abbf/ruff-0.15.14-py3-none-macosx_11_0_arm64.whl", hash = "sha256:48d5909d7d06276ce7dde6d32bfa4b0d4cb2651145cd8ee4b440722cbc77832f", size = 10478207 },
    { url = "https://files.pythonhosted.org/packages/8d/f1/b15a7839fa4f332f8acec78e20564f26bb2d866e3d21710b877fd0263000/ruff-0.15.14-py3-none-manylinux_2_17_aarch64.manylinux2014_aarch64.whl", hash = "sha256:ca8cbfa94c4f90984a67561978602746d4cd27103568f745fa90eee3f0d4107d", size = 10818459 },
    { url = "https://files.pythonhosted.org/packages/45/33/53d651177f84f94b400a0e27f8824eeada3dddc9d5ee8aeb048f4352a520/ruff-0.15.14-py3-none-manylinux_2_17_armv7l.manylinux2014_armv7l.whl", hash = "sha256:9a6bbc0333f1ab053423bcbf6226477d266ca7cec7738c4c8e3f55647803f3c4", size = 10541800 },
    { url = "https://files.pythonhosted.org/packages/b8/a6/868f87e0bf9786ed24b5d0d0ad8676b8a94fd1912f42cddf9cfc7857818a/ruff-0.15.14-py3-none-manylinux_2_17_i686.manylinux2014_i686.whl", hash = "sha256:8a24a4f7605d7003a6674d4387651effd939dead3fddd0f36561eb77a9a2e542", size = 11342149 },
    { url = "https://files.pythonhosted.org/packages/a7/8b/38cd5c19faffdcc05a408d2b78edccc69492ab9720eadb49ea15ef80d768/ruff-0.15.14-py3-none-manylinux_2_17_ppc64le.manylinux2014_ppc64le.whl", hash = "sha256:049b5326e53ed80978f2fc041a280603f69dd6b0c95464342a2bb4572d9d9e2f", size = 12212563 },
    { url = "https://files.pythonhosted.org/packages/3e/4d/a3c5b874a556d5731e3e657aaf04311bb76f0a5c3ec220ed43051be6b64b/ruff-0.15.14-py3-none-manylinux_2_17_s390x.manylinux2014_s390x.whl", hash = "sha256:d4ed42e6696c8dfa5f06728e6441993901f548eb92d73bc472cb5a38d1395fbf", size = 11493299 },
    { url = "https://files.pythonhosted.org/packages/1e/c0/56472c251d09858a53e51efbd485b09e1995d8731668b76d52e5dd6ee0f1/ruff-0.15.14-py3-none-manylinux_2_17_x86_64.manylinux2014_x86_64.whl", hash = "sha256:715c543cf450c4888251f91c52f1942a800541d9bddd7ac060aa4e6b77ae7cba", size = 11455931 },
    { url = "https://files.pythonhosted.org/packages/2c/4a/e2e7b4d8dbf233d4eace59c75bc3435fa6d8bd3bae82d351d4e4300c0fd1/ruff-0.15.14-py3-none-manylinux_2_31_riscv64.whl", hash = "sha256:72ebab6013ec887d439d8b7593737a0a4ffb06d45d209d4e4bf2e92813082d3f", size = 11400794 },
    { url = "https://files.pythonhosted.org/packages/97/c7/83c0539fe34c3e09136204d1e75d6052492364e0b3cb05e9465423f567d7/ruff-0.15.14-py3-none-musllinux_1_2_aarch64.whl", hash = "sha256:49072d36abdbe97a8dd7f480afe9c675699c0c495d4c84076e2c1203c4550581", size = 10804759 },
    { url = "https://files.pythonhosted.org/packages/86/a6/18f2bfc095a2ab4a78745644e428205532ce6653a5d0fa8501572891534d/ruff-0.15.14-py3-none-musllinux_1_2_armv7l.whl", hash = "sha256:958522aee105068640c2c2ceae08f413ae44d922f52a1374ac13d6a96032fc93", size = 10539517 },
    { url = "https://files.pythonhosted.org/packages/54/3a/5a8b3b69c654d4e4bf1d246ac5b49cbcdac6eaab6905925f8915f31e3b80/ruff-0.15.14-py3-none-musllinux_1_2_i686.whl", hash = "sha256:f3707da619a143a2e8830e2abab8224478d69ace2d28cb6c20543ae97c36bf61", size = 11065169 },
    { url = "https://files.pythonhosted.org/packages/ed/c5/8864e4e7925b836ea354b31d57641ec03830564e281a8b6f061f8c3e0ec1/ruff-0.15.14-py3-none-musllinux_1_2_x86_64.whl", hash = "sha256:bb01d645694e3ec0102105d07ef2d53703970407d59c04e59d3ba0b7a1d53553", size = 11560214 },
    { url = "https://files.pythonhosted.org/packages/36/38/012bf76752e1f89ed50b77b99532d90f3a3e287bc7918e1fc0948ac866ac/ruff-0.15.14-py3-none-win32.whl", hash = "sha256:6d0c1ad2a0ab718d39b6d8fd2217981ce4d625cd96a720095f798fb47d8b13e6", size = 10805548 },
    { url = "https://files.pythonhosted.org/packages/d1/b7/4ea2c170f10ad760fff2a5250beb18897719dc8b52b53a24cddbb9dd3f19/ruff-0.15.14-py3-none-win_amd64.whl", hash = "sha256:802342981e056db3851a7836e5b070f8f15f67d4a685ae2a6160939d364b2902", size = 11939523 },
    { url = "https://files.pythonhosted.org/packages/62/d5/bc97ff895ec35cf3925d4bd60f3b39d822f377a446906ec9bcc87405e59b/ruff-0.15.14-py3-none-win_arm64.whl", hash = "sha256:ff47b90a9ef6a40c9e2f3b479c1fb78531adf055b94c1eba0a7ba04b31951826", size = 11208607 },
]

[[package]]
name = "scikit-learn"
version = "1.8.0"
source = { registry = "https://pypi.org/simple" }
dependencies = [
    { name = "joblib" },
    { name = "numpy" },
    { name = "scipy" },
    { name = "threadpoolctl" },
]
sdist = { url = "https://files.pythonhosted.org/packages/0e/d4/40988bf3b8e34feec1d0e6a051446b1f66225f8529b9309becaeef62b6c4/scikit_learn-1.8.0.tar.gz", hash = "sha256:9bccbb3b40e3de10351f8f5068e105d0f4083b1a65fa07b6634fbc401a6287fd", size = 7335585 }
wheels = [
    { url = "https://files.pythonhosted.org/packages/c9/92/53ea2181da8ac6bf27170191028aee7251f8f841f8d3edbfdcaf2008fde9/scikit_learn-1.8.0-cp311-cp311-macosx_10_9_x86_64.whl", hash = "sha256:146b4d36f800c013d267b29168813f7a03a43ecd2895d04861f1240b564421da", size = 8595835 },
    { url = "https://files.pythonhosted.org/packages/01/18/d154dc1638803adf987910cdd07097d9c526663a55666a97c124d09fb96a/scikit_learn-1.8.0-cp311-cp311-macosx_12_0_arm64.whl", hash = "sha256:f984ca4b14914e6b4094c5d52a32ea16b49832c03bd17a110f004db3c223e8e1", size = 8080381 },
    { url = "https://files.pythonhosted.org/packages/8a/44/226142fcb7b7101e64fdee5f49dbe6288d4c7af8abf593237b70fca080a4/scikit_learn-1.8.0-cp311-cp311-manylinux_2_27_aarch64.manylinux_2_28_aarch64.whl", hash = "sha256:5e30adb87f0cc81c7690a84f7932dd66be5bac57cfe16b91cb9151683a4a2d3b", size = 8799632 },
    { url = "https://files.pythonhosted.org/packages/36/4d/4a67f30778a45d542bbea5db2dbfa1e9e100bf9ba64aefe34215ba9f11f6/scikit_learn-1.8.0-cp311-cp311-manylinux_2_27_x86_64.manylinux_2_28_x86_64.whl", hash = "sha256:ada8121bcb4dac28d930febc791a69f7cb1673c8495e5eee274190b73a4559c1", size = 9103788 },
    { url = "https://files.pythonhosted.org/packages/89/3c/45c352094cfa60050bcbb967b1faf246b22e93cb459f2f907b600f2ceda5/scikit_learn-1.8.0-cp311-cp311-win_amd64.whl", hash = "sha256:c57b1b610bd1f40ba43970e11ce62821c2e6569e4d74023db19c6b26f246cb3b", size = 8081706 },
    { url = "https://files.pythonhosted.org/packages/3d/46/5416595bb395757f754feb20c3d776553a386b661658fb21b7c814e89efe/scikit_learn-1.8.0-cp311-cp311-win_arm64.whl", hash = "sha256:2838551e011a64e3053ad7618dda9310175f7515f1742fa2d756f7c874c05961", size = 7688451 },
]

[[package]]
name = "scipy"
version = "1.17.1"
source = { registry = "https://pypi.org/simple" }
dependencies = [
    { name = "numpy" },
]
sdist = { url = "https://files.pythonhosted.org/packages/7a/97/5a3609c4f8d58b039179648e62dd220f89864f56f7357f5d4f45c29eb2cc/scipy-1.17.1.tar.gz", hash = "sha256:95d8e012d8cb8816c226aef832200b1d45109ed4464303e997c5b13122b297c0", size = 30573822 }
wheels = [
    { url = "https://files.pythonhosted.org/packages/df/75/b4ce781849931fef6fd529afa6b63711d5a733065722d0c3e2724af9e40a/scipy-1.17.1-cp311-cp311-macosx_10_14_x86_64.whl", hash = "sha256:1f95b894f13729334fb990162e911c9e5dc1ab390c58aa6cbecb389c5b5e28ec", size = 31613675 },
    { url = "https://files.pythonhosted.org/packages/f7/58/bccc2861b305abdd1b8663d6130c0b3d7cc22e8d86663edbc8401bfd40d4/scipy-1.17.1-cp311-cp311-macosx_12_0_arm64.whl", hash = "sha256:e18f12c6b0bc5a592ed23d3f7b891f68fd7f8241d69b7883769eb5d5dfb52696", size = 28162057 },
    { url = "https://files.pythonhosted.org/packages/6d/ee/18146b7757ed4976276b9c9819108adbc73c5aad636e5353e20746b73069/scipy-1.17.1-cp311-cp311-macosx_14_0_arm64.whl", hash = "sha256:a3472cfbca0a54177d0faa68f697d8ba4c80bbdc19908c3465556d9f7efce9ee", size = 20334032 },
    { url = "https://files.pythonhosted.org/packages/ec/e6/cef1cf3557f0c54954198554a10016b6a03b2ec9e22a4e1df734936bd99c/scipy-1.17.1-cp311-cp311-macosx_14_0_x86_64.whl", hash = "sha256:766e0dc5a616d026a3a1cffa379af959671729083882f50307e18175797b3dfd", size = 22709533 },
    { url = "https://files.pythonhosted.org/packages/4d/60/8804678875fc59362b0fb759ab3ecce1f09c10a735680318ac30da8cd76b/scipy-1.17.1-cp311-cp311-manylinux_2_27_aarch64.manylinux_2_28_aarch64.whl", hash = "sha256:744b2bf3640d907b79f3fd7874efe432d1cf171ee721243e350f55234b4cec4c", size = 33062057 },
    { url = "https://files.pythonhosted.org/packages/09/7d/af933f0f6e0767995b4e2d705a0665e454d1c19402aa7e895de3951ebb04/scipy-1.17.1-cp311-cp311-manylinux_2_27_x86_64.manylinux_2_28_x86_64.whl", hash = "sha256:43af8d1f3bea642559019edfe64e9b11192a8978efbd1539d7bc2aaa23d92de4", size = 35349300 },
    { url = "https://files.pythonhosted.org/packages/b4/3d/7ccbbdcbb54c8fdc20d3b6930137c782a163fa626f0aef920349873421ba/scipy-1.17.1-cp311-cp311-musllinux_1_2_aarch64.whl", hash = "sha256:cd96a1898c0a47be4520327e01f874acfd61fb48a9420f8aa9f6483412ffa444", size = 35127333 },
    { url = "https://files.pythonhosted.org/packages/e8/19/f926cb11c42b15ba08e3a71e376d816ac08614f769b4f47e06c3580c836a/scipy-1.17.1-cp311-cp311-musllinux_1_2_x86_64.whl", hash = "sha256:4eb6c25dd62ee8d5edf68a8e1c171dd71c292fdae95d8aeb3dd7d7de4c364082", size = 37741314 },
    { url = "https://files.pythonhosted.org/packages/95/da/0d1df507cf574b3f224ccc3d45244c9a1d732c81dcb26b1e8a766ae271a8/scipy-1.17.1-cp311-cp311-win_amd64.whl", hash = "sha256:d30e57c72013c2a4fe441c2fcb8e77b14e152ad48b5464858e07e2ad9fbfceff", size = 36607512 },
    { url = "https://files.pythonhosted.org/packages/68/7f/bdd79ceaad24b671543ffe0ef61ed8e659440eb683b66f033454dcee90eb/scipy-1.17.1-cp311-cp311-win_arm64.whl", hash = "sha256:9ecb4efb1cd6e8c4afea0daa91a87fbddbce1b99d2895d151596716c0b2e859d", size = 24599248 },
]

[[package]]
name = "shellingham"
version = "1.5.4"
source = { registry = "https://pypi.org/simple" }
sdist = { url = "https://files.pythonhosted.org/packages/58/15/8b3609fd3830ef7b27b655beb4b4e9c62313a4e8da8c676e142cc210d58e/shellingham-1.5.4.tar.gz", hash = "sha256:8dbca0739d487e5bd35ab3ca4b36e11c4078f3a234bfce294b0a0291363404de", size = 10310 }
wheels = [
    { url = "https://files.pythonhosted.org/packages/e0/f9/0595336914c5619e5f28a1fb793285925a8cd4b432c9da0a987836c7f822/shellingham-1.5.4-py2.py3-none-any.whl", hash = "sha256:7ecfff8f2fd72616f7481040475a65b2bf8af90a56c89140852d1120324e8686", size = 9755 },
]

[[package]]
name = "six"
version = "1.17.0"
source = { registry = "https://pypi.org/simple" }
sdist = { url = "https://files.pythonhosted.org/packages/94/e7/b2c673351809dca68a0e064b6af791aa332cf192da575fd474ed7d6f16a2/six-1.17.0.tar.gz", hash = "sha256:ff70335d468e7eb6ec65b95b99d3a2836546063f63acc5171de367e834932a81", size = 34031 }
wheels = [
    { url = "https://files.pythonhosted.org/packages/b7/ce/149a00dd41f10bc29e5921b496af8b574d8413afcd5e30dfa0ed46c2cc5e/six-1.17.0-py2.py3-none-any.whl", hash = "sha256:4721f391ed90541fddacab5acf947aa0d3dc7d27b2e1e8eda2be8970586c3274", size = 11050 },
]

[[package]]
name = "threadpoolctl"
version = "3.6.0"
source = { registry = "https://pypi.org/simple" }
sdist = { url = "https://files.pythonhosted.org/packages/b7/4d/08c89e34946fce2aec4fbb45c9016efd5f4d7f24af8e5d93296e935631d8/threadpoolctl-3.6.0.tar.gz", hash = "sha256:8ab8b4aa3491d812b623328249fab5302a68d2d71745c8a4c719a2fcaba9f44e", size = 21274 }
wheels = [
    { url = "https://files.pythonhosted.org/packages/32/d5/f9a850d79b0851d1d4ef6456097579a9005b31fea68726a4ae5f2d82ddd9/threadpoolctl-3.6.0-py3-none-any.whl", hash = "sha256:43a0b8fd5a2928500110039e43a5eed8480b918967083ea48dc3ab9f13c4a7fb", size = 18638 },
]

[[package]]
name = "tqdm"
version = "4.67.3"
source = { registry = "https://pypi.org/simple" }
dependencies = [
    { name = "colorama", marker = "sys_platform == 'win32'" },
]
sdist = { url = "https://files.pythonhosted.org/packages/09/a9/6ba95a270c6f1fbcd8dac228323f2777d886cb206987444e4bce66338dd4/tqdm-4.67.3.tar.gz", hash = "sha256:7d825f03f89244ef73f1d4ce193cb1774a8179fd96f31d7e1dcde62092b960bb", size = 169598 }
wheels = [
    { url = "https://files.pythonhosted.org/packages/16/e1/3079a9ff9b8e11b846c6ac5c8b5bfb7ff225eee721825310c91b3b50304f/tqdm-4.67.3-py3-none-any.whl", hash = "sha256:ee1e4c0e59148062281c49d80b25b67771a127c85fc9676d3be5f243206826bf", size = 78374 },
]

[[package]]
name = "typer"
version = "0.25.1"
source = { registry = "https://pypi.org/simple" }
dependencies = [
    { name = "annotated-doc" },
    { name = "click" },
    { name = "rich" },
    { name = "shellingham" },
]
sdist = { url = "https://files.pythonhosted.org/packages/e4/51/9aed62104cea109b820bbd6c14245af756112017d309da813ef107d42e7e/typer-0.25.1.tar.gz", hash = "sha256:9616eb8853a09ffeabab1698952f33c6f29ffdbceb4eaeecf571880e8d7664cc", size = 122276 }
wheels = [
    { url = "https://files.pythonhosted.org/packages/3f/f9/2b3ff4e56e5fa7debfaf9eb135d0da96f3e9a1d5b27222223c7296336e5f/typer-0.25.1-py3-none-any.whl", hash = "sha256:75caa44ed46a03fb2dab8808753ffacdbfea88495e74c85a28c5eefcf5f39c89", size = 58409 },
]

[[package]]
name = "urllib3"
version = "2.7.0"
source = { registry = "https://pypi.org/simple" }
sdist = { url = "https://files.pythonhosted.org/packages/53/0c/06f8b233b8fd13b9e5ee11424ef85419ba0d8ba0b3138bf360be2ff56953/urllib3-2.7.0.tar.gz", hash = "sha256:231e0ec3b63ceb14667c67be60f2f2c40a518cb38b03af60abc813da26505f4c", size = 433602 }
wheels = [
    { url = "https://files.pythonhosted.org/packages/7f/3e/5db95bcf282c52709639744ca2a8b149baccf648e39c8cc87553df9eae0c/urllib3-2.7.0-py3-none-any.whl", hash = "sha256:9fb4c81ebbb1ce9531cce37674bbc6f1360472bc18ca9a553ede278ef7276897", size = 131087 },
]

[[package]]
name = "yosegi-scope"
version = "0.1.0"
source = { editable = "." }
dependencies = [
    { name = "m2stitch" },
    { name = "numpy" },
    { name = "openflexure-microscope-client" },
    { name = "pillow" },
    { name = "typer" },
]

[package.dev-dependencies]
dev = [
    { name = "pytest" },
    { name = "ruff" },
]

[package.metadata]
requires-dist = [
    { name = "m2stitch", specifier = ">=0.7.0" },
    { name = "numpy", specifier = ">=1.26.4" },
    { name = "openflexure-microscope-client", specifier = ">=0.1.8" },
    { name = "pillow", specifier = ">=9.5.0" },
    { name = "typer", specifier = ">=0.25.1" },
]

[package.metadata.requires-dev]
dev = [
    { name = "pytest", specifier = ">=9.0.3" },
    { name = "ruff", specifier = ">=0.15.14" },
]

[[package]]
name = "zeroconf"
version = "0.39.4"
source = { registry = "https://pypi.org/simple" }
dependencies = [
    { name = "async-timeout" },
    { name = "ifaddr" },
]
sdist = { url = "https://files.pythonhosted.org/packages/f5/4f/c47cea73d7ae5467b63de3999d7207fd5b14d70cb2f35ce81c4ab7d7a52e/zeroconf-0.39.4.tar.gz", hash = "sha256:701e4d697f89fe952aa9c13a512ed6bf472dcf4f0a6d275e71085604b3882295", size = 108022 }
wheels = [
    { url = "https://files.pythonhosted.org/packages/3f/ff/a8d7faaa3573b6e4c775cacbf911a0afbcb4928ce71b3de43119227a396a/zeroconf-0.39.4-py3-none-any.whl", hash = "sha256:d60eae9e9c99d1a168ce9ff9de7e7398c23754a0c2004ded230f8d529c5260a0", size = 106430 },
]
